
Microsoft Visual Studio Solution File, Format Version 12.00
# Visual Studio 14
VisualStudioVersion = 14.0.25123.0
MinimumVisualStudioVersion = 10.0.40219.1
Project("{FAE04EC0-301F-11D3-BF4B-00C04F79EFBC}") = "VMLib", "VMLib\VMLib.csproj", "{CDAFA637-0129-4750-A9D9-9D9C13EABAF7}"
EndProject
Project("{FAE04EC0-301F-11D3-BF4B-00C04F79EFBC}") = "VMLib.UnitTest", "VMLib.UnitTest\VMLib.UnitTest.csproj", "{0DC5318A-2785-43C1-AB32-4CD7EBA38406}"
EndProject
Project("{F5034706-568F-408A-B7B3-4D38C6DB8A32}") = "PSVMLib", "PSVMLib\PSVMLib.pssproj", "{6CAFC0C6-A428-4D30-A9F9-700E829FEA51}"
EndProject
Project("{FAE04EC0-301F-11D3-BF4B-00C04F79EFBC}") = "VMLib.VMware", "VMLib.VMware\VMLib.VMware.csproj", "{7B80F15C-C6A3-43AD-BAF7-235496582245}"
EndProject
Project("{FAE04EC0-301F-11D3-BF4B-00C04F79EFBC}") = "VMLib.VirtualBox", "VMLib.VirtualBox\VMLib.VirtualBox.csproj", "{79660777-7F44-48FB-837F-60108AFA8AE5}"
EndProject
Project("{FAE04EC0-301F-11D3-BF4B-00C04F79EFBC}") = "VMLib.HyperV", "VMLib.HyperV\VMLib.HyperV.csproj", "{B9758C6C-A760-46C8-975E-E052162A822B}"
EndProject
Project("{FAE04EC0-301F-11D3-BF4B-00C04F79EFBC}") = "VMLib.VMware.UnitTest", "VMLib.VMware.UnitTest\VMLib.VMware.UnitTest.csproj", "{B080CE4B-42B6-4217-A69F-1DC928585BEA}"
EndProject
Project("{FAE04EC0-301F-11D3-BF4B-00C04F79EFBC}") = "VMLib.VirtualBox.UnitTest", "VMLib.VirtualBox.UnitTest\VMLib.VirtualBox.UnitTest.csproj", "{DD9D35B9-D348-4820-8A57-CFE5986B83BD}"
EndProject
Project("{FAE04EC0-301F-11D3-BF4B-00C04F79EFBC}") = "VMLib.HyperV.UnitTest", "VMLib.HyperV.UnitTest\VMLib.HyperV.UnitTest.csproj", "{1D8C9C59-2D31-4130-B373-2495D1B72CEB}"
EndProject
Global
	GlobalSection(SolutionConfigurationPlatforms) = preSolution
		Debug|Any CPU = Debug|Any CPU
		Release|Any CPU = Release|Any CPU
	EndGlobalSection
	GlobalSection(ProjectConfigurationPlatforms) = postSolution
		{CDAFA637-0129-4750-A9D9-9D9C13EABAF7}.Debug|Any CPU.ActiveCfg = Debug|Any CPU
		{CDAFA637-0129-4750-A9D9-9D9C13EABAF7}.Debug|Any CPU.Build.0 = Debug|Any CPU
		{CDAFA637-0129-4750-A9D9-9D9C13EABAF7}.Release|Any CPU.ActiveCfg = Release|Any CPU
		{CDAFA637-0129-4750-A9D9-9D9C13EABAF7}.Release|Any CPU.Build.0 = Release|Any CPU
		{0DC5318A-2785-43C1-AB32-4CD7EBA38406}.Debug|Any CPU.ActiveCfg = Debug|Any CPU
		{0DC5318A-2785-43C1-AB32-4CD7EBA38406}.Debug|Any CPU.Build.0 = Debug|Any CPU
		{0DC5318A-2785-43C1-AB32-4CD7EBA38406}.Release|Any CPU.ActiveCfg = Release|Any CPU
		{0DC5318A-2785-43C1-AB32-4CD7EBA38406}.Release|Any CPU.Build.0 = Release|Any CPU
		{6CAFC0C6-A428-4D30-A9F9-700E829FEA51}.Debug|Any CPU.ActiveCfg = Debug|Any CPU
		{6CAFC0C6-A428-4D30-A9F9-700E829FEA51}.Debug|Any CPU.Build.0 = Debug|Any CPU
		{6CAFC0C6-A428-4D30-A9F9-700E829FEA51}.Release|Any CPU.ActiveCfg = Release|Any CPU
		{6CAFC0C6-A428-4D30-A9F9-700E829FEA51}.Release|Any CPU.Build.0 = Release|Any CPU
		{7B80F15C-C6A3-43AD-BAF7-235496582245}.Debug|Any CPU.ActiveCfg = Debug|Any CPU
		{7B80F15C-C6A3-43AD-BAF7-235496582245}.Debug|Any CPU.Build.0 = Debug|Any CPU
		{7B80F15C-C6A3-43AD-BAF7-235496582245}.Release|Any CPU.ActiveCfg = Release|Any CPU
		{7B80F15C-C6A3-43AD-BAF7-235496582245}.Release|Any CPU.Build.0 = Release|Any CPU
		{79660777-7F44-48FB-837F-60108AFA8AE5}.Debug|Any CPU.ActiveCfg = Debug|Any CPU
		{79660777-7F44-48FB-837F-60108AFA8AE5}.Debug|Any CPU.Build.0 = Debug|Any CPU
		{79660777-7F44-48FB-837F-60108AFA8AE5}.Release|Any CPU.ActiveCfg = Release|Any CPU
		{79660777-7F44-48FB-837F-60108AFA8AE5}.Release|Any CPU.Build.0 = Release|Any CPU
		{B9758C6C-A760-46C8-975E-E052162A822B}.Debug|Any CPU.ActiveCfg = Debug|Any CPU
		{B9758C6C-A760-46C8-975E-E052162A822B}.Debug|Any CPU.Build.0 = Debug|Any CPU
		{B9758C6C-A760-46C8-975E-E052162A822B}.Release|Any CPU.ActiveCfg = Release|Any CPU
		{B9758C6C-A760-46C8-975E-E052162A822B}.Release|Any CPU.Build.0 = Release|Any CPU
		{B080CE4B-42B6-4217-A69F-1DC928585BEA}.Debug|Any CPU.ActiveCfg = Debug|Any CPU
		{B080CE4B-42B6-4217-A69F-1DC928585BEA}.Debug|Any CPU.Build.0 = Debug|Any CPU
		{B080CE4B-42B6-4217-A69F-1DC928585BEA}.Release|Any CPU.ActiveCfg = Release|Any CPU
		{B080CE4B-42B6-4217-A69F-1DC928585BEA}.Release|Any CPU.Build.0 = Release|Any CPU
		{DD9D35B9-D348-4820-8A57-CFE5986B83BD}.Debug|Any CPU.ActiveCfg = Debug|Any CPU
		{DD9D35B9-D348-4820-8A57-CFE5986B83BD}.Debug|Any CPU.Build.0 = Debug|Any CPU
		{DD9D35B9-D348-4820-8A57-CFE5986B83BD}.Release|Any CPU.ActiveCfg = Release|Any CPU
		{DD9D35B9-D348-4820-8A57-CFE5986B83BD}.Release|Any CPU.Build.0 = Release|Any CPU
		{1D8C9C59-2D31-4130-B373-2495D1B72CEB}.Debug|Any CPU.ActiveCfg = Debug|Any CPU
		{1D8C9C59-2D31-4130-B373-2495D1B72CEB}.Debug|Any CPU.Build.0 = Debug|Any CPU
		{1D8C9C59-2D31-4130-B373-2495D1B72CEB}.Release|Any CPU.ActiveCfg = Release|Any CPU
		{1D8C9C59-2D31-4130-B373-2495D1B72CEB}.Release|Any CPU.Build.0 = Release|Any CPU
	EndGlobalSection
	GlobalSection(SolutionProperties) = preSolution
		HideSolutionNode = FALSE
	EndGlobalSection
EndGlobal
